
Microsoft Visual Studio Solution File, Format Version 12.00
# Visual Studio Version 17
VisualStudioVersion = 17.3.32804.467
MinimumVisualStudioVersion = 10.0.40219.1
Project("{FAE04EC0-301F-11D3-BF4B-00C04F79EFBC}") = "EF03.ExecuteRawSql", "EF03.ExecuteRawSql.csproj", "{42E30B35-ABB1-495C-9E87-5C1CABD03CFE}"
EndProject
Global
	GlobalSection(SolutionConfigurationPlatforms) = preSolution
		Debug|Any CPU = Debug|Any CPU
		Release|Any CPU = Release|Any CPU
	EndGlobalSection
	GlobalSection(ProjectConfigurationPlatforms) = postSolution
		{42E30B35-ABB1-495C-9E87-5C1CABD03CFE}.Debug|Any CPU.ActiveCfg = Debug|Any CPU
		{42E30B35-ABB1-495C-9E87-5C1CABD03CFE}.Debug|Any CPU.Build.0 = Debug|Any CPU
		{42E30B35-ABB1-495C-9E87-5C1CABD03CFE}.Release|Any CPU.ActiveCfg = Release|Any CPU
		{42E30B35-ABB1-495C-9E87-5C1CABD03CFE}.Release|Any CPU.Build.0 = Release|Any CPU
	EndGlobalSection
	GlobalSection(SolutionProperties) = preSolution
		HideSolutionNode = FALSE
	EndGlobalSection
	GlobalSection(ExtensibilityGlobals) = postSolution
		SolutionGuid = {DEA4AD37-6708-4D20-BB8F-111E119E80D5}
	EndGlobalSection
EndGlobal
